<?xml version="1.0" encoding="utf-8"?>
<Project ToolsVersion="4.0" xmlns="http://schemas.microsoft.com/developer/msbuild/2003">
  <ItemGroup>
    <Filter Include="Source Files">
      <UniqueIdentifier>{4FC737F1-C7A5-4376-A066-2A32D752A2FF}</UniqueIdentifier>
      <Extensions>cpp;c;cc;cxx;def;odl;idl;hpj;bat;asm;asmx</Extensions>
    </Filter>
    <Filter Include="Header Files">
      <UniqueIdentifier>{93995380-89BD-4b04-88EB-625FBE52EBFB}</UniqueIdentifier>
      <Extensions>h;hh;hpp;hxx;hm;inl;inc;xsd</Extensions>
    </Filter>
    <Filter Include="Resource Files">
      <UniqueIdentifier>{67DA6AB6-F800-4c08-8B7A-83BB121AAD01}</UniqueIdentifier>
      <Extensions>rc;ico;cur;bmp;dlg;rc2;rct;bin;rgs;gif;jpg;jpeg;jpe;resx;tiff;tif;png;wav;mfcribbon-ms</Extensions>
    </Filter>
    <Filter Include="Source Files\Graph">
      <UniqueIdentifier>{b5c0d04c-3c9c-414c-be22-ddd0044fbcfa}</UniqueIdentifier>
    </Filter>
    <Filter Include="Source Files\Support">
      <UniqueIdentifier>{241fbf35-8740-48f0-a215-4281e2da62fe}</UniqueIdentifier>
    </Filter>
    <Filter Include="Source Files\Motion planning">
      <UniqueIdentifier>{28ea2801-3f13-4b4f-8edd-c67eb4c9a5fd}</UniqueIdentifier>
    </Filter>
    <Filter Include="Source Files\Motion planning\Math types">
      <UniqueIdentifier>{9101fde4-3cc1-4068-be02-339c4c6d3c87}</UniqueIdentifier>
    </Filter>
    <Filter Include="Source Files\Anim">
      <UniqueIdentifier>{765f1671-5cfb-4d86-b630-4e3e1ebdc557}</UniqueIdentifier>
    </Filter>
    <Filter Include="Source Files\Anim\Render">
      <UniqueIdentifier>{38ba8a58-4e9b-468d-aebc-b04456d48c85}</UniqueIdentifier>
    </Filter>
    <Filter Include="Source Files\Anim\Render\Drawable">
      <UniqueIdentifier>{cfe42743-8542-4786-a600-ed7012345644}</UniqueIdentifier>
    </Filter>
    <Filter Include="Source Files\Motion planning\Input">
      <UniqueIdentifier>{8a64aa3c-36e8-498e-854b-bf07063c88d4}</UniqueIdentifier>
    </Filter>
  </ItemGroup>
  <ItemGroup>
    <ClCompile Include="main.cpp">
      <Filter>Source Files</Filter>
    </ClCompile>
    <ClCompile Include="anim\anim.cpp">
      <Filter>Source Files\Anim</Filter>
    </ClCompile>
    <ClCompile Include="anim\render\render.cpp">
      <Filter>Source Files\Anim\Render</Filter>
    </ClCompile>
    <ClCompile Include="motion_planning\math_types\polygon.cpp">
      <Filter>Source Files\Motion planning\Math types</Filter>
    </ClCompile>
    <ClCompile Include="motion_planning\motion_planning.cpp">
      <Filter>Source Files\Motion planning</Filter>
    </ClCompile>
    <ClCompile Include="motion_planning\input\motion_planning_input.cpp">
      <Filter>Source Files\Motion planning\Input</Filter>
    </ClCompile>
  </ItemGroup>
  <ItemGroup>
    <ClInclude Include="graph\graph.h">
      <Filter>Source Files\Graph</Filter>
    </ClInclude>
    <ClInclude Include="support\support.h">
      <Filter>Source Files\Support</Filter>
    </ClInclude>
    <ClInclude Include="support\vec2d.h">
      <Filter>Source Files\Support</Filter>
    </ClInclude>
    <ClInclude Include="motion_planning\math_types\vertex.h">
      <Filter>Source Files\Motion planning\Math types</Filter>
    </ClInclude>
    <ClInclude Include="anim\anim.h">
      <Filter>Source Files\Anim</Filter>
    </ClInclude>
    <ClInclude Include="anim\render\render.h">
      <Filter>Source Files\Anim\Render</Filter>
    </ClInclude>
    <ClInclude Include="motion_planning\math_types\polygon.h">
      <Filter>Source Files\Motion planning\Math types</Filter>
    </ClInclude>
    <ClInclude Include="anim\render\drawable\drawable.h">
      <Filter>Source Files\Anim\Render\Drawable</Filter>
    </ClInclude>
    <ClInclude Include="motion_planning\motion_planning.h">
      <Filter>Source Files\Motion planning</Filter>
    </ClInclude>
    <ClInclude Include="motion_planning\input\motion_planning_input.h">
      <Filter>Source Files\Motion planning\Input</Filter>
    </ClInclude>
  </ItemGroup>
</Project>